
Microsoft Visual Studio Solution File, Format Version 12.00
# Visual Studio Version 17
VisualStudioVersion = 17.4.33213.308
MinimumVisualStudioVersion = 10.0.40219.1
Project("{8BC9CEB8-8B4A-11D0-8D11-00A0C91BC942}") = "ContainDuplicate", "ContainDuplicate.vcxproj", "{97AAA0B5-5860-4361-BCEC-841A639F1FD4}"
EndProject
Global
	GlobalSection(SolutionConfigurationPlatforms) = preSolution
		Debug|x64 = Debug|x64
		Debug|x86 = Debug|x86
		Release|x64 = Release|x64
		Release|x86 = Release|x86
	EndGlobalSection
	GlobalSection(ProjectConfigurationPlatforms) = postSolution
		{97AAA0B5-5860-4361-BCEC-841A639F1FD4}.Debug|x64.ActiveCfg = Debug|x64
		{97AAA0B5-5860-4361-BCEC-841A639F1FD4}.Debug|x64.Build.0 = Debug|x64
		{97AAA0B5-5860-4361-BCEC-841A639F1FD4}.Debug|x86.ActiveCfg = Debug|Win32
		{97AAA0B5-5860-4361-BCEC-841A639F1FD4}.Debug|x86.Build.0 = Debug|Win32
		{97AAA0B5-5860-4361-BCEC-841A639F1FD4}.Release|x64.ActiveCfg = Release|x64
		{97AAA0B5-5860-4361-BCEC-841A639F1FD4}.Release|x64.Build.0 = Release|x64
		{97AAA0B5-5860-4361-BCEC-841A639F1FD4}.Release|x86.ActiveCfg = Release|Win32
		{97AAA0B5-5860-4361-BCEC-841A639F1FD4}.Release|x86.Build.0 = Release|Win32
	EndGlobalSection
	GlobalSection(SolutionProperties) = preSolution
		HideSolutionNode = FALSE
	EndGlobalSection
	GlobalSection(ExtensibilityGlobals) = postSolution
		SolutionGuid = {423863E0-43F8-497E-BA59-6CFEC2A33040}
	EndGlobalSection
EndGlobal
