
Microsoft Visual Studio Solution File, Format Version 12.00
# Visual Studio Version 17
VisualStudioVersion = 17.4.33213.308
MinimumVisualStudioVersion = 10.0.40219.1
Project("{8BC9CEB8-8B4A-11D0-8D11-00A0C91BC942}") = "ValidSudoku", "ValidSudoku.vcxproj", "{B7EB80C0-C80E-4200-A04A-7FCC20A9B22C}"
EndProject
Global
	GlobalSection(SolutionConfigurationPlatforms) = preSolution
		Debug|x64 = Debug|x64
		Debug|x86 = Debug|x86
		Release|x64 = Release|x64
		Release|x86 = Release|x86
	EndGlobalSection
	GlobalSection(ProjectConfigurationPlatforms) = postSolution
		{B7EB80C0-C80E-4200-A04A-7FCC20A9B22C}.Debug|x64.ActiveCfg = Debug|x64
		{B7EB80C0-C80E-4200-A04A-7FCC20A9B22C}.Debug|x64.Build.0 = Debug|x64
		{B7EB80C0-C80E-4200-A04A-7FCC20A9B22C}.Debug|x86.ActiveCfg = Debug|Win32
		{B7EB80C0-C80E-4200-A04A-7FCC20A9B22C}.Debug|x86.Build.0 = Debug|Win32
		{B7EB80C0-C80E-4200-A04A-7FCC20A9B22C}.Release|x64.ActiveCfg = Release|x64
		{B7EB80C0-C80E-4200-A04A-7FCC20A9B22C}.Release|x64.Build.0 = Release|x64
		{B7EB80C0-C80E-4200-A04A-7FCC20A9B22C}.Release|x86.ActiveCfg = Release|Win32
		{B7EB80C0-C80E-4200-A04A-7FCC20A9B22C}.Release|x86.Build.0 = Release|Win32
	EndGlobalSection
	GlobalSection(SolutionProperties) = preSolution
		HideSolutionNode = FALSE
	EndGlobalSection
	GlobalSection(ExtensibilityGlobals) = postSolution
		SolutionGuid = {BF6ACD59-C5E6-40EC-8D56-7F2EC79D0635}
	EndGlobalSection
EndGlobal
