
Microsoft Visual Studio Solution File, Format Version 12.00
# Visual Studio Version 17
VisualStudioVersion = 17.4.33213.308
MinimumVisualStudioVersion = 10.0.40219.1
Project("{8BC9CEB8-8B4A-11D0-8D11-00A0C91BC942}") = "CandyProblem", "CandyProblem.vcxproj", "{A765F471-0C73-4246-B041-A9B71446190E}"
EndProject
Global
	GlobalSection(SolutionConfigurationPlatforms) = preSolution
		Debug|x64 = Debug|x64
		Debug|x86 = Debug|x86
		Release|x64 = Release|x64
		Release|x86 = Release|x86
	EndGlobalSection
	GlobalSection(ProjectConfigurationPlatforms) = postSolution
		{A765F471-0C73-4246-B041-A9B71446190E}.Debug|x64.ActiveCfg = Debug|x64
		{A765F471-0C73-4246-B041-A9B71446190E}.Debug|x64.Build.0 = Debug|x64
		{A765F471-0C73-4246-B041-A9B71446190E}.Debug|x86.ActiveCfg = Debug|Win32
		{A765F471-0C73-4246-B041-A9B71446190E}.Debug|x86.Build.0 = Debug|Win32
		{A765F471-0C73-4246-B041-A9B71446190E}.Release|x64.ActiveCfg = Release|x64
		{A765F471-0C73-4246-B041-A9B71446190E}.Release|x64.Build.0 = Release|x64
		{A765F471-0C73-4246-B041-A9B71446190E}.Release|x86.ActiveCfg = Release|Win32
		{A765F471-0C73-4246-B041-A9B71446190E}.Release|x86.Build.0 = Release|Win32
	EndGlobalSection
	GlobalSection(SolutionProperties) = preSolution
		HideSolutionNode = FALSE
	EndGlobalSection
	GlobalSection(ExtensibilityGlobals) = postSolution
		SolutionGuid = {8A0043DA-4FFF-49DD-9311-D6F6AE990B0B}
	EndGlobalSection
EndGlobal
